// !$*UTF8*$!
{
	archiveVersion = 1;
	classes = {
	};
	objectVersion = 56;
	objects = {

/* Begin PBXBuildFile section */
		1B65A09D4DF735F7B711B410 /* Pods_Movie_Catalog.framework in Frameworks */ = {isa = PBXBuildFile; fileRef = EDF83F46BB52BB7DFD4E1832 /* Pods_Movie_Catalog.framework */; };
		C1D6E703E71222FF0E334671 /* Pods_Movie_Catalog_Movie_CatalogUITests.framework in Frameworks */ = {isa = PBXBuildFile; fileRef = 1F65211CC1117438A0A314E3 /* Pods_Movie_Catalog_Movie_CatalogUITests.framework */; };
		CDBBEFBA6F49087FF1C1FE4F /* Pods_Movie_CatalogTests.framework in Frameworks */ = {isa = PBXBuildFile; fileRef = D52E5181505B7D0FD2F8D2C2 /* Pods_Movie_CatalogTests.framework */; };
		D70708C32B0D525C0058EDE0 /* MovieCell.swift in Sources */ = {isa = PBXBuildFile; fileRef = D70708C22B0D525C0058EDE0 /* MovieCell.swift */; };
		D70708C52B0D52A40058EDE0 /* MovieCell.xib in Resources */ = {isa = PBXBuildFile; fileRef = D70708C42B0D52A40058EDE0 /* MovieCell.xib */; };
		D71276FD2B0E25C300FB63D4 /* UIViewController+Extension.swift in Sources */ = {isa = PBXBuildFile; fileRef = D71276FC2B0E25C200FB63D4 /* UIViewController+Extension.swift */; };
		D7486F1B2B0DF60200AE923B /* RoundProgressBar.swift in Sources */ = {isa = PBXBuildFile; fileRef = D7486F1A2B0DF60100AE923B /* RoundProgressBar.swift */; };
		D7D2D91C2B0D15820005AC82 /* Movie.swift in Sources */ = {isa = PBXBuildFile; fileRef = D7D2D91B2B0D15820005AC82 /* Movie.swift */; };
		D7D2D91E2B0D15A60005AC82 /* MovieService.swift in Sources */ = {isa = PBXBuildFile; fileRef = D7D2D91D2B0D15A60005AC82 /* MovieService.swift */; };
		D7D2D9202B0D15BF0005AC82 /* MovieViewModel.swift in Sources */ = {isa = PBXBuildFile; fileRef = D7D2D91F2B0D15BF0005AC82 /* MovieViewModel.swift */; };
		D7D2D9222B0D15DA0005AC82 /* MovieViewController.swift in Sources */ = {isa = PBXBuildFile; fileRef = D7D2D9212B0D15DA0005AC82 /* MovieViewController.swift */; };
		D7D2D9262B0D16DB0005AC82 /* MovieViewController.storyboard in Resources */ = {isa = PBXBuildFile; fileRef = D7D2D9252B0D16DB0005AC82 /* MovieViewController.storyboard */; };
		D7D2D9292B0D39420005AC82 /* AlamofireUtils.swift in Sources */ = {isa = PBXBuildFile; fileRef = D7D2D9282B0D39420005AC82 /* AlamofireUtils.swift */; };
		D7D95AE22B0D0CC00093F9C3 /* AppDelegate.swift in Sources */ = {isa = PBXBuildFile; fileRef = D7D95AE12B0D0CC00093F9C3 /* AppDelegate.swift */; };
		D7D95AE42B0D0CC00093F9C3 /* SceneDelegate.swift in Sources */ = {isa = PBXBuildFile; fileRef = D7D95AE32B0D0CC00093F9C3 /* SceneDelegate.swift */; };
		D7D95AE62B0D0CC00093F9C3 /* ViewController.swift in Sources */ = {isa = PBXBuildFile; fileRef = D7D95AE52B0D0CC00093F9C3 /* ViewController.swift */; };
		D7D95AEB2B0D0CC20093F9C3 /* Assets.xcassets in Resources */ = {isa = PBXBuildFile; fileRef = D7D95AEA2B0D0CC20093F9C3 /* Assets.xcassets */; };
		D7D95AEE2B0D0CC20093F9C3 /* LaunchScreen.storyboard in Resources */ = {isa = PBXBuildFile; fileRef = D7D95AEC2B0D0CC20093F9C3 /* LaunchScreen.storyboard */; };
		D7D95AF92B0D0CC30093F9C3 /* Movie_CatalogTests.swift in Sources */ = {isa = PBXBuildFile; fileRef = D7D95AF82B0D0CC30093F9C3 /* Movie_CatalogTests.swift */; };
		D7D95B032B0D0CC30093F9C3 /* Movie_CatalogUITests.swift in Sources */ = {isa = PBXBuildFile; fileRef = D7D95B022B0D0CC30093F9C3 /* Movie_CatalogUITests.swift */; };
		D7D95B052B0D0CC30093F9C3 /* Movie_CatalogUITestsLaunchTests.swift in Sources */ = {isa = PBXBuildFile; fileRef = D7D95B042B0D0CC30093F9C3 /* Movie_CatalogUITestsLaunchTests.swift */; };
		D7E52D862B0E09FE004ACCC5 /* UIColor+Extension.swift in Sources */ = {isa = PBXBuildFile; fileRef = D7E52D852B0E09FE004ACCC5 /* UIColor+Extension.swift */; };
/* End PBXBuildFile section */

/* Begin PBXContainerItemProxy section */
		D7D95AF52B0D0CC30093F9C3 /* PBXContainerItemProxy */ = {
			isa = PBXContainerItemProxy;
			containerPortal = D7D95AD62B0D0CC00093F9C3 /* Project object */;
			proxyType = 1;
			remoteGlobalIDString = D7D95ADD2B0D0CC00093F9C3;
			remoteInfo = Movie_Catalog;
		};
		D7D95AFF2B0D0CC30093F9C3 /* PBXContainerItemProxy */ = {
			isa = PBXContainerItemProxy;
			containerPortal = D7D95AD62B0D0CC00093F9C3 /* Project object */;
			proxyType = 1;
			remoteGlobalIDString = D7D95ADD2B0D0CC00093F9C3;
			remoteInfo = Movie_Catalog;
		};
/* End PBXContainerItemProxy section */

/* Begin PBXFileReference section */
		0A314E62B3BFCDC655208341 /* Pods-Movie_CatalogTests.debug.xcconfig */ = {isa = PBXFileReference; includeInIndex = 1; lastKnownFileType = text.xcconfig; name = "Pods-Movie_CatalogTests.debug.xcconfig"; path = "Target Support Files/Pods-Movie_CatalogTests/Pods-Movie_CatalogTests.debug.xcconfig"; sourceTree = "<group>"; };
		15CF1751AFDF39D6A12FCBEC /* Pods-Movie_Catalog-Movie_CatalogUITests.debug.xcconfig */ = {isa = PBXFileReference; includeInIndex = 1; lastKnownFileType = text.xcconfig; name = "Pods-Movie_Catalog-Movie_CatalogUITests.debug.xcconfig"; path = "Target Support Files/Pods-Movie_Catalog-Movie_CatalogUITests/Pods-Movie_Catalog-Movie_CatalogUITests.debug.xcconfig"; sourceTree = "<group>"; };
		17061A25DE7B6D8BD9055F04 /* Pods-Movie_CatalogTests.release.xcconfig */ = {isa = PBXFileReference; includeInIndex = 1; lastKnownFileType = text.xcconfig; name = "Pods-Movie_CatalogTests.release.xcconfig"; path = "Target Support Files/Pods-Movie_CatalogTests/Pods-Movie_CatalogTests.release.xcconfig"; sourceTree = "<group>"; };
		1807E2A7C994B16F359967F1 /* Pods-Movie_Catalog.debug.xcconfig */ = {isa = PBXFileReference; includeInIndex = 1; lastKnownFileType = text.xcconfig; name = "Pods-Movie_Catalog.debug.xcconfig"; path = "Target Support Files/Pods-Movie_Catalog/Pods-Movie_Catalog.debug.xcconfig"; sourceTree = "<group>"; };
		1F65211CC1117438A0A314E3 /* Pods_Movie_Catalog_Movie_CatalogUITests.framework */ = {isa = PBXFileReference; explicitFileType = wrapper.framework; includeInIndex = 0; path = Pods_Movie_Catalog_Movie_CatalogUITests.framework; sourceTree = BUILT_PRODUCTS_DIR; };
		232FEBD3A79A68C2D8A43B4C /* Pods-Movie_Catalog.release.xcconfig */ = {isa = PBXFileReference; includeInIndex = 1; lastKnownFileType = text.xcconfig; name = "Pods-Movie_Catalog.release.xcconfig"; path = "Target Support Files/Pods-Movie_Catalog/Pods-Movie_Catalog.release.xcconfig"; sourceTree = "<group>"; };
		D52E5181505B7D0FD2F8D2C2 /* Pods_Movie_CatalogTests.framework */ = {isa = PBXFileReference; explicitFileType = wrapper.framework; includeInIndex = 0; path = Pods_Movie_CatalogTests.framework; sourceTree = BUILT_PRODUCTS_DIR; };
		D70708C22B0D525C0058EDE0 /* MovieCell.swift */ = {isa = PBXFileReference; lastKnownFileType = sourcecode.swift; path = MovieCell.swift; sourceTree = "<group>"; };
		D70708C42B0D52A40058EDE0 /* MovieCell.xib */ = {isa = PBXFileReference; lastKnownFileType = file.xib; path = MovieCell.xib; sourceTree = "<group>"; };
		D71276FC2B0E25C200FB63D4 /* UIViewController+Extension.swift */ = {isa = PBXFileReference; lastKnownFileType = sourcecode.swift; path = "UIViewController+Extension.swift"; sourceTree = "<group>"; };
		D7486F1A2B0DF60100AE923B /* RoundProgressBar.swift */ = {isa = PBXFileReference; lastKnownFileType = sourcecode.swift; path = RoundProgressBar.swift; sourceTree = "<group>"; };
		D7D2D91B2B0D15820005AC82 /* Movie.swift */ = {isa = PBXFileReference; lastKnownFileType = sourcecode.swift; path = Movie.swift; sourceTree = "<group>"; };
		D7D2D91D2B0D15A60005AC82 /* MovieService.swift */ = {isa = PBXFileReference; lastKnownFileType = sourcecode.swift; path = MovieService.swift; sourceTree = "<group>"; };
		D7D2D91F2B0D15BF0005AC82 /* MovieViewModel.swift */ = {isa = PBXFileReference; lastKnownFileType = sourcecode.swift; path = MovieViewModel.swift; sourceTree = "<group>"; };
		D7D2D9212B0D15DA0005AC82 /* MovieViewController.swift */ = {isa = PBXFileReference; lastKnownFileType = sourcecode.swift; path = MovieViewController.swift; sourceTree = "<group>"; };
		D7D2D9252B0D16DB0005AC82 /* MovieViewController.storyboard */ = {isa = PBXFileReference; lastKnownFileType = file.storyboard; path = MovieViewController.storyboard; sourceTree = "<group>"; };
		D7D2D9282B0D39420005AC82 /* AlamofireUtils.swift */ = {isa = PBXFileReference; lastKnownFileType = sourcecode.swift; path = AlamofireUtils.swift; sourceTree = "<group>"; };
		D7D95ADE2B0D0CC00093F9C3 /* Movie_Catalog.app */ = {isa = PBXFileReference; explicitFileType = wrapper.application; includeInIndex = 0; path = Movie_Catalog.app; sourceTree = BUILT_PRODUCTS_DIR; };
		D7D95AE12B0D0CC00093F9C3 /* AppDelegate.swift */ = {isa = PBXFileReference; lastKnownFileType = sourcecode.swift; path = AppDelegate.swift; sourceTree = "<group>"; };
		D7D95AE32B0D0CC00093F9C3 /* SceneDelegate.swift */ = {isa = PBXFileReference; lastKnownFileType = sourcecode.swift; path = SceneDelegate.swift; sourceTree = "<group>"; };
		D7D95AE52B0D0CC00093F9C3 /* ViewController.swift */ = {isa = PBXFileReference; lastKnownFileType = sourcecode.swift; path = ViewController.swift; sourceTree = "<group>"; };
		D7D95AEA2B0D0CC20093F9C3 /* Assets.xcassets */ = {isa = PBXFileReference; lastKnownFileType = folder.assetcatalog; path = Assets.xcassets; sourceTree = "<group>"; };
		D7D95AED2B0D0CC20093F9C3 /* Base */ = {isa = PBXFileReference; lastKnownFileType = file.storyboard; name = Base; path = Base.lproj/LaunchScreen.storyboard; sourceTree = "<group>"; };
		D7D95AEF2B0D0CC20093F9C3 /* Info.plist */ = {isa = PBXFileReference; lastKnownFileType = text.plist.xml; path = Info.plist; sourceTree = "<group>"; };
		D7D95AF42B0D0CC30093F9C3 /* Movie_CatalogTests.xctest */ = {isa = PBXFileReference; explicitFileType = wrapper.cfbundle; includeInIndex = 0; path = Movie_CatalogTests.xctest; sourceTree = BUILT_PRODUCTS_DIR; };
		D7D95AF82B0D0CC30093F9C3 /* Movie_CatalogTests.swift */ = {isa = PBXFileReference; lastKnownFileType = sourcecode.swift; path = Movie_CatalogTests.swift; sourceTree = "<group>"; };
		D7D95AFE2B0D0CC30093F9C3 /* Movie_CatalogUITests.xctest */ = {isa = PBXFileReference; explicitFileType = wrapper.cfbundle; includeInIndex = 0; path = Movie_CatalogUITests.xctest; sourceTree = BUILT_PRODUCTS_DIR; };
		D7D95B022B0D0CC30093F9C3 /* Movie_CatalogUITests.swift */ = {isa = PBXFileReference; lastKnownFileType = sourcecode.swift; path = Movie_CatalogUITests.swift; sourceTree = "<group>"; };
		D7D95B042B0D0CC30093F9C3 /* Movie_CatalogUITestsLaunchTests.swift */ = {isa = PBXFileReference; lastKnownFileType = sourcecode.swift; path = Movie_CatalogUITestsLaunchTests.swift; sourceTree = "<group>"; };
		D7E52D852B0E09FE004ACCC5 /* UIColor+Extension.swift */ = {isa = PBXFileReference; lastKnownFileType = sourcecode.swift; path = "UIColor+Extension.swift"; sourceTree = "<group>"; };
		D85BBA963946EF78FAFDDDAB /* Pods-Movie_Catalog-Movie_CatalogUITests.release.xcconfig */ = {isa = PBXFileReference; includeInIndex = 1; lastKnownFileType = text.xcconfig; name = "Pods-Movie_Catalog-Movie_CatalogUITests.release.xcconfig"; path = "Target Support Files/Pods-Movie_Catalog-Movie_CatalogUITests/Pods-Movie_Catalog-Movie_CatalogUITests.release.xcconfig"; sourceTree = "<group>"; };
		EDF83F46BB52BB7DFD4E1832 /* Pods_Movie_Catalog.framework */ = {isa = PBXFileReference; explicitFileType = wrapper.framework; includeInIndex = 0; path = Pods_Movie_Catalog.framework; sourceTree = BUILT_PRODUCTS_DIR; };
/* End PBXFileReference section */

/* Begin PBXFrameworksBuildPhase section */
		D7D95ADB2B0D0CC00093F9C3 /* Frameworks */ = {
			isa = PBXFrameworksBuildPhase;
			buildActionMask = 2147483647;
			files = (
				1B65A09D4DF735F7B711B410 /* Pods_Movie_Catalog.framework in Frameworks */,
			);
			runOnlyForDeploymentPostprocessing = 0;
		};
		D7D95AF12B0D0CC30093F9C3 /* Frameworks */ = {
			isa = PBXFrameworksBuildPhase;
			buildActionMask = 2147483647;
			files = (
				CDBBEFBA6F49087FF1C1FE4F /* Pods_Movie_CatalogTests.framework in Frameworks */,
			);
			runOnlyForDeploymentPostprocessing = 0;
		};
		D7D95AFB2B0D0CC30093F9C3 /* Frameworks */ = {
			isa = PBXFrameworksBuildPhase;
			buildActionMask = 2147483647;
			files = (
				C1D6E703E71222FF0E334671 /* Pods_Movie_Catalog_Movie_CatalogUITests.framework in Frameworks */,
			);
			runOnlyForDeploymentPostprocessing = 0;
		};
/* End PBXFrameworksBuildPhase section */

/* Begin PBXGroup section */
		665B54A9A6F526A09C55B034 /* Pods */ = {
			isa = PBXGroup;
			children = (
				1807E2A7C994B16F359967F1 /* Pods-Movie_Catalog.debug.xcconfig */,
				232FEBD3A79A68C2D8A43B4C /* Pods-Movie_Catalog.release.xcconfig */,
				15CF1751AFDF39D6A12FCBEC /* Pods-Movie_Catalog-Movie_CatalogUITests.debug.xcconfig */,
				D85BBA963946EF78FAFDDDAB /* Pods-Movie_Catalog-Movie_CatalogUITests.release.xcconfig */,
				0A314E62B3BFCDC655208341 /* Pods-Movie_CatalogTests.debug.xcconfig */,
				17061A25DE7B6D8BD9055F04 /* Pods-Movie_CatalogTests.release.xcconfig */,
			);
			path = Pods;
			sourceTree = "<group>";
		};
		AE52FEAB4F8CC3BFAE689B93 /* Frameworks */ = {
			isa = PBXGroup;
			children = (
				EDF83F46BB52BB7DFD4E1832 /* Pods_Movie_Catalog.framework */,
				1F65211CC1117438A0A314E3 /* Pods_Movie_Catalog_Movie_CatalogUITests.framework */,
				D52E5181505B7D0FD2F8D2C2 /* Pods_Movie_CatalogTests.framework */,
			);
			name = Frameworks;
			sourceTree = "<group>";
		};
		D7D2D9172B0D15570005AC82 /* Model */ = {
			isa = PBXGroup;
			children = (
				D7D2D91B2B0D15820005AC82 /* Movie.swift */,
			);
			path = Model;
			sourceTree = "<group>";
		};
		D7D2D9182B0D15620005AC82 /* View */ = {
			isa = PBXGroup;
			children = (
				D7D2D92A2B0D39CC0005AC82 /* Cell */,
				D7D2D9212B0D15DA0005AC82 /* MovieViewController.swift */,
				D7D2D9252B0D16DB0005AC82 /* MovieViewController.storyboard */,
			);
			path = View;
			sourceTree = "<group>";
		};
		D7D2D9192B0D15660005AC82 /* ViewModel */ = {
			isa = PBXGroup;
			children = (
				D7D2D91F2B0D15BF0005AC82 /* MovieViewModel.swift */,
			);
			path = ViewModel;
			sourceTree = "<group>";
		};
		D7D2D91A2B0D156B0005AC82 /* Network */ = {
			isa = PBXGroup;
			children = (
				D7D2D91D2B0D15A60005AC82 /* MovieService.swift */,
			);
			path = Network;
			sourceTree = "<group>";
		};
		D7D2D9272B0D39120005AC82 /* Utils */ = {
			isa = PBXGroup;
			children = (
				D7E52D842B0E09EF004ACCC5 /* Extensions */,
				D7D2D9282B0D39420005AC82 /* AlamofireUtils.swift */,
				D7486F1A2B0DF60100AE923B /* RoundProgressBar.swift */,
			);
			path = Utils;
			sourceTree = "<group>";
		};
		D7D2D92A2B0D39CC0005AC82 /* Cell */ = {
			isa = PBXGroup;
			children = (
				D70708C22B0D525C0058EDE0 /* MovieCell.swift */,
				D70708C42B0D52A40058EDE0 /* MovieCell.xib */,
			);
			path = Cell;
			sourceTree = "<group>";
		};
		D7D95AD52B0D0CC00093F9C3 = {
			isa = PBXGroup;
			children = (
				D7D95AE02B0D0CC00093F9C3 /* Movie_Catalog */,
				D7D95AF72B0D0CC30093F9C3 /* Movie_CatalogTests */,
				D7D95B012B0D0CC30093F9C3 /* Movie_CatalogUITests */,
				D7D95ADF2B0D0CC00093F9C3 /* Products */,
				665B54A9A6F526A09C55B034 /* Pods */,
				AE52FEAB4F8CC3BFAE689B93 /* Frameworks */,
			);
			sourceTree = "<group>";
		};
		D7D95ADF2B0D0CC00093F9C3 /* Products */ = {
			isa = PBXGroup;
			children = (
				D7D95ADE2B0D0CC00093F9C3 /* Movie_Catalog.app */,
				D7D95AF42B0D0CC30093F9C3 /* Movie_CatalogTests.xctest */,
				D7D95AFE2B0D0CC30093F9C3 /* Movie_CatalogUITests.xctest */,
			);
			name = Products;
			sourceTree = "<group>";
		};
		D7D95AE02B0D0CC00093F9C3 /* Movie_Catalog */ = {
			isa = PBXGroup;
			children = (
				D7D2D9272B0D39120005AC82 /* Utils */,
				D7D2D91A2B0D156B0005AC82 /* Network */,
				D7D2D9192B0D15660005AC82 /* ViewModel */,
				D7D2D9182B0D15620005AC82 /* View */,
				D7D2D9172B0D15570005AC82 /* Model */,
				D7D95AE12B0D0CC00093F9C3 /* AppDelegate.swift */,
				D7D95AE32B0D0CC00093F9C3 /* SceneDelegate.swift */,
				D7D95AE52B0D0CC00093F9C3 /* ViewController.swift */,
				D7D95AEA2B0D0CC20093F9C3 /* Assets.xcassets */,
				D7D95AEC2B0D0CC20093F9C3 /* LaunchScreen.storyboard */,
				D7D95AEF2B0D0CC20093F9C3 /* Info.plist */,
			);
			path = Movie_Catalog;
			sourceTree = "<group>";
		};
		D7D95AF72B0D0CC30093F9C3 /* Movie_CatalogTests */ = {
			isa = PBXGroup;
			children = (
				D7D95AF82B0D0CC30093F9C3 /* Movie_CatalogTests.swift */,
			);
			path = Movie_CatalogTests;
			sourceTree = "<group>";
		};
		D7D95B012B0D0CC30093F9C3 /* Movie_CatalogUITests */ = {
			isa = PBXGroup;
			children = (
				D7D95B022B0D0CC30093F9C3 /* Movie_CatalogUITests.swift */,
				D7D95B042B0D0CC30093F9C3 /* Movie_CatalogUITestsLaunchTests.swift */,
			);
			path = Movie_CatalogUITests;
			sourceTree = "<group>";
		};
		D7E52D842B0E09EF004ACCC5 /* Extensions */ = {
			isa = PBXGroup;
			children = (
				D7E52D852B0E09FE004ACCC5 /* UIColor+Extension.swift */,
				D71276FC2B0E25C200FB63D4 /* UIViewController+Extension.swift */,
			);
			path = Extensions;
			sourceTree = "<group>";
		};
/* End PBXGroup section */

/* Begin PBXNativeTarget section */
		D7D95ADD2B0D0CC00093F9C3 /* Movie_Catalog */ = {
			isa = PBXNativeTarget;
			buildConfigurationList = D7D95B082B0D0CC30093F9C3 /* Build configuration list for PBXNativeTarget "Movie_Catalog" */;
			buildPhases = (
				9EF29FC8AF32CD853A51FE4D /* [CP] Check Pods Manifest.lock */,
				D7D95ADA2B0D0CC00093F9C3 /* Sources */,
				D7D95ADB2B0D0CC00093F9C3 /* Frameworks */,
				D7D95ADC2B0D0CC00093F9C3 /* Resources */,
				74D7924345247115F0439A8D /* [CP] Embed Pods Frameworks */,
			);
			buildRules = (
			);
			dependencies = (
			);
			name = Movie_Catalog;
			productName = Movie_Catalog;
			productReference = D7D95ADE2B0D0CC00093F9C3 /* Movie_Catalog.app */;
			productType = "com.apple.product-type.application";
		};
		D7D95AF32B0D0CC30093F9C3 /* Movie_CatalogTests */ = {
			isa = PBXNativeTarget;
			buildConfigurationList = D7D95B0B2B0D0CC30093F9C3 /* Build configuration list for PBXNativeTarget "Movie_CatalogTests" */;
			buildPhases = (
				DF0EFDCEB7DB27B0DA309A97 /* [CP] Check Pods Manifest.lock */,
				D7D95AF02B0D0CC30093F9C3 /* Sources */,
				D7D95AF12B0D0CC30093F9C3 /* Frameworks */,
				D7D95AF22B0D0CC30093F9C3 /* Resources */,
			);
			buildRules = (
			);
			dependencies = (
				D7D95AF62B0D0CC30093F9C3 /* PBXTargetDependency */,
			);
			name = Movie_CatalogTests;
			productName = Movie_CatalogTests;
			productReference = D7D95AF42B0D0CC30093F9C3 /* Movie_CatalogTests.xctest */;
			productType = "com.apple.product-type.bundle.unit-test";
		};
		D7D95AFD2B0D0CC30093F9C3 /* Movie_CatalogUITests */ = {
			isa = PBXNativeTarget;
			buildConfigurationList = D7D95B0E2B0D0CC30093F9C3 /* Build configuration list for PBXNativeTarget "Movie_CatalogUITests" */;
			buildPhases = (
				AD9F7F2C290C32866A54B1A7 /* [CP] Check Pods Manifest.lock */,
				D7D95AFA2B0D0CC30093F9C3 /* Sources */,
				D7D95AFB2B0D0CC30093F9C3 /* Frameworks */,
				D7D95AFC2B0D0CC30093F9C3 /* Resources */,
				9221EDA6F5ED33401B0306C6 /* [CP] Embed Pods Frameworks */,
			);
			buildRules = (
			);
			dependencies = (
				D7D95B002B0D0CC30093F9C3 /* PBXTargetDependency */,
			);
			name = Movie_CatalogUITests;
			productName = Movie_CatalogUITests;
			productReference = D7D95AFE2B0D0CC30093F9C3 /* Movie_CatalogUITests.xctest */;
			productType = "com.apple.product-type.bundle.ui-testing";
		};
/* End PBXNativeTarget section */

/* Begin PBXProject section */
		D7D95AD62B0D0CC00093F9C3 /* Project object */ = {
			isa = PBXProject;
			attributes = {
				BuildIndependentTargetsInParallel = 1;
				LastSwiftUpdateCheck = 1500;
				LastUpgradeCheck = 1500;
				TargetAttributes = {
					D7D95ADD2B0D0CC00093F9C3 = {
						CreatedOnToolsVersion = 15.0;
					};
					D7D95AF32B0D0CC30093F9C3 = {
						CreatedOnToolsVersion = 15.0;
						TestTargetID = D7D95ADD2B0D0CC00093F9C3;
					};
					D7D95AFD2B0D0CC30093F9C3 = {
						CreatedOnToolsVersion = 15.0;
						TestTargetID = D7D95ADD2B0D0CC00093F9C3;
					};
				};
			};
			buildConfigurationList = D7D95AD92B0D0CC00093F9C3 /* Build configuration list for PBXProject "Movie_Catalog" */;
			compatibilityVersion = "Xcode 14.0";
			developmentRegion = en;
			hasScannedForEncodings = 0;
			knownRegions = (
				en,
				Base,
			);
			mainGroup = D7D95AD52B0D0CC00093F9C3;
			productRefGroup = D7D95ADF2B0D0CC00093F9C3 /* Products */;
			projectDirPath = "";
			projectRoot = "";
			targets = (
				D7D95ADD2B0D0CC00093F9C3 /* Movie_Catalog */,
				D7D95AF32B0D0CC30093F9C3 /* Movie_CatalogTests */,
				D7D95AFD2B0D0CC30093F9C3 /* Movie_CatalogUITests */,
			);
		};
/* End PBXProject section */

/* Begin PBXResourcesBuildPhase section */
		D7D95ADC2B0D0CC00093F9C3 /* Resources */ = {
			isa = PBXResourcesBuildPhase;
			buildActionMask = 2147483647;
			files = (
				D7D2D9262B0D16DB0005AC82 /* MovieViewController.storyboard in Resources */,
				D7D95AEE2B0D0CC20093F9C3 /* LaunchScreen.storyboard in Resources */,
				D70708C52B0D52A40058EDE0 /* MovieCell.xib in Resources */,
				D7D95AEB2B0D0CC20093F9C3 /* Assets.xcassets in Resources */,
			);
			runOnlyForDeploymentPostprocessing = 0;
		};
		D7D95AF22B0D0CC30093F9C3 /* Resources */ = {
			isa = PBXResourcesBuildPhase;
			buildActionMask = 2147483647;
			files = (
			);
			runOnlyForDeploymentPostprocessing = 0;
		};
		D7D95AFC2B0D0CC30093F9C3 /* Resources */ = {
			isa = PBXResourcesBuildPhase;
			buildActionMask = 2147483647;
			files = (
			);
			runOnlyForDeploymentPostprocessing = 0;
		};
/* End PBXResourcesBuildPhase section */

/* Begin PBXShellScriptBuildPhase section */
		74D7924345247115F0439A8D /* [CP] Embed Pods Frameworks */ = {
			isa = PBXShellScriptBuildPhase;
			buildActionMask = 2147483647;
			files = (
			);
			inputFileListPaths = (
				"${PODS_ROOT}/Target Support Files/Pods-Movie_Catalog/Pods-Movie_Catalog-frameworks-${CONFIGURATION}-input-files.xcfilelist",
			);
			name = "[CP] Embed Pods Frameworks";
			outputFileListPaths = (
				"${PODS_ROOT}/Target Support Files/Pods-Movie_Catalog/Pods-Movie_Catalog-frameworks-${CONFIGURATION}-output-files.xcfilelist",
			);
			runOnlyForDeploymentPostprocessing = 0;
			shellPath = /bin/sh;
			shellScript = "\"${PODS_ROOT}/Target Support Files/Pods-Movie_Catalog/Pods-Movie_Catalog-frameworks.sh\"\n";
			showEnvVarsInLog = 0;
		};
		9221EDA6F5ED33401B0306C6 /* [CP] Embed Pods Frameworks */ = {
			isa = PBXShellScriptBuildPhase;
			buildActionMask = 2147483647;
			files = (
			);
			inputFileListPaths = (
				"${PODS_ROOT}/Target Support Files/Pods-Movie_Catalog-Movie_CatalogUITests/Pods-Movie_Catalog-Movie_CatalogUITests-frameworks-${CONFIGURATION}-input-files.xcfilelist",
			);
			name = "[CP] Embed Pods Frameworks";
			outputFileListPaths = (
				"${PODS_ROOT}/Target Support Files/Pods-Movie_Catalog-Movie_CatalogUITests/Pods-Movie_Catalog-Movie_CatalogUITests-frameworks-${CONFIGURATION}-output-files.xcfilelist",
			);
			runOnlyForDeploymentPostprocessing = 0;
			shellPath = /bin/sh;
			shellScript = "\"${PODS_ROOT}/Target Support Files/Pods-Movie_Catalog-Movie_CatalogUITests/Pods-Movie_Catalog-Movie_CatalogUITests-frameworks.sh\"\n";
			showEnvVarsInLog = 0;
		};
		9EF29FC8AF32CD853A51FE4D /* [CP] Check Pods Manifest.lock */ = {
			isa = PBXShellScriptBuildPhase;
			buildActionMask = 2147483647;
			files = (
			);
			inputFileListPaths = (
			);
			inputPaths = (
				"${PODS_PODFILE_DIR_PATH}/Podfile.lock",
				"${PODS_ROOT}/Manifest.lock",
			);
			name = "[CP] Check Pods Manifest.lock";
			outputFileListPaths = (
			);
			outputPaths = (
				"$(DERIVED_FILE_DIR)/Pods-Movie_Catalog-checkManifestLockResult.txt",
			);
			runOnlyForDeploymentPostprocessing = 0;
			shellPath = /bin/sh;
			shellScript = "diff \"${PODS_PODFILE_DIR_PATH}/Podfile.lock\" \"${PODS_ROOT}/Manifest.lock\" > /dev/null\nif [ $? != 0 ] ; then\n    # print error to STDERR\n    echo \"error: The sandbox is not in sync with the Podfile.lock. Run 'pod install' or update your CocoaPods installation.\" >&2\n    exit 1\nfi\n# This output is used by Xcode 'outputs' to avoid re-running this script phase.\necho \"SUCCESS\" > \"${SCRIPT_OUTPUT_FILE_0}\"\n";
			showEnvVarsInLog = 0;
		};
		AD9F7F2C290C32866A54B1A7 /* [CP] Check Pods Manifest.lock */ = {
			isa = PBXShellScriptBuildPhase;
			buildActionMask = 2147483647;
			files = (
			);
			inputFileListPaths = (
			);
			inputPaths = (
				"${PODS_PODFILE_DIR_PATH}/Podfile.lock",
				"${PODS_ROOT}/Manifest.lock",
			);
			name = "[CP] Check Pods Manifest.lock";
			outputFileListPaths = (
			);
			outputPaths = (
				"$(DERIVED_FILE_DIR)/Pods-Movie_Catalog-Movie_CatalogUITests-checkManifestLockResult.txt",
			);
			runOnlyForDeploymentPostprocessing = 0;
			shellPath = /bin/sh;
			shellScript = "diff \"${PODS_PODFILE_DIR_PATH}/Podfile.lock\" \"${PODS_ROOT}/Manifest.lock\" > /dev/null\nif [ $? != 0 ] ; then\n    # print error to STDERR\n    echo \"error: The sandbox is not in sync with the Podfile.lock. Run 'pod install' or update your CocoaPods installation.\" >&2\n    exit 1\nfi\n# This output is used by Xcode 'outputs' to avoid re-running this script phase.\necho \"SUCCESS\" > \"${SCRIPT_OUTPUT_FILE_0}\"\n";
			showEnvVarsInLog = 0;
		};
		DF0EFDCEB7DB27B0DA309A97 /* [CP] Check Pods Manifest.lock */ = {
			isa = PBXShellScriptBuildPhase;
			buildActionMask = 2147483647;
			files = (
			);
			inputFileListPaths = (
			);
			inputPaths = (
				"${PODS_PODFILE_DIR_PATH}/Podfile.lock",
				"${PODS_ROOT}/Manifest.lock",
			);
			name = "[CP] Check Pods Manifest.lock";
			outputFileListPaths = (
			);
			outputPaths = (
				"$(DERIVED_FILE_DIR)/Pods-Movie_CatalogTests-checkManifestLockResult.txt",
			);
			runOnlyForDeploymentPostprocessing = 0;
			shellPath = /bin/sh;
			shellScript = "diff \"${PODS_PODFILE_DIR_PATH}/Podfile.lock\" \"${PODS_ROOT}/Manifest.lock\" > /dev/null\nif [ $? != 0 ] ; then\n    # print error to STDERR\n    echo \"error: The sandbox is not in sync with the Podfile.lock. Run 'pod install' or update your CocoaPods installation.\" >&2\n    exit 1\nfi\n# This output is used by Xcode 'outputs' to avoid re-running this script phase.\necho \"SUCCESS\" > \"${SCRIPT_OUTPUT_FILE_0}\"\n";
			showEnvVarsInLog = 0;
		};
/* End PBXShellScriptBuildPhase section */

/* Begin PBXSourcesBuildPhase section */
		D7D95ADA2B0D0CC00093F9C3 /* Sources */ = {
			isa = PBXSourcesBuildPhase;
			buildActionMask = 2147483647;
			files = (
				D71276FD2B0E25C300FB63D4 /* UIViewController+Extension.swift in Sources */,
				D7D2D9292B0D39420005AC82 /* AlamofireUtils.swift in Sources */,
				D7486F1B2B0DF60200AE923B /* RoundProgressBar.swift in Sources */,
				D7D95AE62B0D0CC00093F9C3 /* ViewController.swift in Sources */,
				D7E52D862B0E09FE004ACCC5 /* UIColor+Extension.swift in Sources */,
				D70708C32B0D525C0058EDE0 /* MovieCell.swift in Sources */,
				D7D2D9222B0D15DA0005AC82 /* MovieViewController.swift in Sources */,
				D7D95AE22B0D0CC00093F9C3 /* AppDelegate.swift in Sources */,
				D7D2D91C2B0D15820005AC82 /* Movie.swift in Sources */,
				D7D95AE42B0D0CC00093F9C3 /* SceneDelegate.swift in Sources */,
				D7D2D91E2B0D15A60005AC82 /* MovieService.swift in Sources */,
				D7D2D9202B0D15BF0005AC82 /* MovieViewModel.swift in Sources */,
			);
			runOnlyForDeploymentPostprocessing = 0;
		};
		D7D95AF02B0D0CC30093F9C3 /* Sources */ = {
			isa = PBXSourcesBuildPhase;
			buildActionMask = 2147483647;
			files = (
				D7D95AF92B0D0CC30093F9C3 /* Movie_CatalogTests.swift in Sources */,
			);
			runOnlyForDeploymentPostprocessing = 0;
		};
		D7D95AFA2B0D0CC30093F9C3 /* Sources */ = {
			isa = PBXSourcesBuildPhase;
			buildActionMask = 2147483647;
			files = (
				D7D95B032B0D0CC30093F9C3 /* Movie_CatalogUITests.swift in Sources */,
				D7D95B052B0D0CC30093F9C3 /* Movie_CatalogUITestsLaunchTests.swift in Sources */,
			);
			runOnlyForDeploymentPostprocessing = 0;
		};
/* End PBXSourcesBuildPhase section */

/* Begin PBXTargetDependency section */
		D7D95AF62B0D0CC30093F9C3 /* PBXTargetDependency */ = {
			isa = PBXTargetDependency;
			target = D7D95ADD2B0D0CC00093F9C3 /* Movie_Catalog */;
			targetProxy = D7D95AF52B0D0CC30093F9C3 /* PBXContainerItemProxy */;
		};
		D7D95B002B0D0CC30093F9C3 /* PBXTargetDependency */ = {
			isa = PBXTargetDependency;
			target = D7D95ADD2B0D0CC00093F9C3 /* Movie_Catalog */;
			targetProxy = D7D95AFF2B0D0CC30093F9C3 /* PBXContainerItemProxy */;
		};
/* End PBXTargetDependency section */

/* Begin PBXVariantGroup section */
		D7D95AEC2B0D0CC20093F9C3 /* LaunchScreen.storyboard */ = {
			isa = PBXVariantGroup;
			children = (
				D7D95AED2B0D0CC20093F9C3 /* Base */,
			);
			name = LaunchScreen.storyboard;
			sourceTree = "<group>";
		};
/* End PBXVariantGroup section */

/* Begin XCBuildConfiguration section */
		D7D95B062B0D0CC30093F9C3 /* Debug */ = {
			isa = XCBuildConfiguration;
			buildSettings = {
				ALWAYS_SEARCH_USER_PATHS = NO;
				ASSETCATALOG_COMPILER_GENERATE_SWIFT_ASSET_SYMBOL_EXTENSIONS = YES;
				CLANG_ANALYZER_NONNULL = YES;
				CLANG_ANALYZER_NUMBER_OBJECT_CONVERSION = YES_AGGRESSIVE;
				CLANG_CXX_LANGUAGE_STANDARD = "gnu++20";
				CLANG_ENABLE_MODULES = YES;
				CLANG_ENABLE_OBJC_ARC = YES;
				CLANG_ENABLE_OBJC_WEAK = YES;
				CLANG_WARN_BLOCK_CAPTURE_AUTORELEASING = YES;
				CLANG_WARN_BOOL_CONVERSION = YES;
				CLANG_WARN_COMMA = YES;
				CLANG_WARN_CONSTANT_CONVERSION = YES;
				CLANG_WARN_DEPRECATED_OBJC_IMPLEMENTATIONS = YES;
				CLANG_WARN_DIRECT_OBJC_ISA_USAGE = YES_ERROR;
				CLANG_WARN_DOCUMENTATION_COMMENTS = YES;
				CLANG_WARN_EMPTY_BODY = YES;
				CLANG_WARN_ENUM_CONVERSION = YES;
				CLANG_WARN_INFINITE_RECURSION = YES;
				CLANG_WARN_INT_CONVERSION = YES;
				CLANG_WARN_NON_LITERAL_NULL_CONVERSION = YES;
				CLANG_WARN_OBJC_IMPLICIT_RETAIN_SELF = YES;
				CLANG_WARN_OBJC_LITERAL_CONVERSION = YES;
				CLANG_WARN_OBJC_ROOT_CLASS = YES_ERROR;
				CLANG_WARN_QUOTED_INCLUDE_IN_FRAMEWORK_HEADER = YES;
				CLANG_WARN_RANGE_LOOP_ANALYSIS = YES;
				CLANG_WARN_STRICT_PROTOTYPES = YES;
				CLANG_WARN_SUSPICIOUS_MOVE = YES;
				CLANG_WARN_UNGUARDED_AVAILABILITY = YES_AGGRESSIVE;
				CLANG_WARN_UNREACHABLE_CODE = YES;
				CLANG_WARN__DUPLICATE_METHOD_MATCH = YES;
				COPY_PHASE_STRIP = NO;
				DEBUG_INFORMATION_FORMAT = dwarf;
				ENABLE_STRICT_OBJC_MSGSEND = YES;
				ENABLE_TESTABILITY = YES;
				ENABLE_USER_SCRIPT_SANDBOXING = NO;
				GCC_C_LANGUAGE_STANDARD = gnu17;
				GCC_DYNAMIC_NO_PIC = NO;
				GCC_NO_COMMON_BLOCKS = YES;
				GCC_OPTIMIZATION_LEVEL = 0;
				GCC_PREPROCESSOR_DEFINITIONS = (
					"DEBUG=1",
					"$(inherited)",
				);
				GCC_WARN_64_TO_32_BIT_CONVERSION = YES;
				GCC_WARN_ABOUT_RETURN_TYPE = YES_ERROR;
				GCC_WARN_UNDECLARED_SELECTOR = YES;
				GCC_WARN_UNINITIALIZED_AUTOS = YES_AGGRESSIVE;
				GCC_WARN_UNUSED_FUNCTION = YES;
				GCC_WARN_UNUSED_VARIABLE = YES;
				IPHONEOS_DEPLOYMENT_TARGET = 17.0;
				LOCALIZATION_PREFERS_STRING_CATALOGS = YES;
				MTL_ENABLE_DEBUG_INFO = INCLUDE_SOURCE;
				MTL_FAST_MATH = YES;
				ONLY_ACTIVE_ARCH = YES;
				SDKROOT = iphoneos;
				SWIFT_ACTIVE_COMPILATION_CONDITIONS = "DEBUG $(inherited)";
				SWIFT_OPTIMIZATION_LEVEL = "-Onone";
			};
			name = Debug;
		};
		D7D95B072B0D0CC30093F9C3 /* Release */ = {
			isa = XCBuildConfiguration;
			buildSettings = {
				ALWAYS_SEARCH_USER_PATHS = NO;
				ASSETCATALOG_COMPILER_GENERATE_SWIFT_ASSET_SYMBOL_EXTENSIONS = YES;
				CLANG_ANALYZER_NONNULL = YES;
				CLANG_ANALYZER_NUMBER_OBJECT_CONVERSION = YES_AGGRESSIVE;
				CLANG_CXX_LANGUAGE_STANDARD = "gnu++20";
				CLANG_ENABLE_MODULES = YES;
				CLANG_ENABLE_OBJC_ARC = YES;
				CLANG_ENABLE_OBJC_WEAK = YES;
				CLANG_WARN_BLOCK_CAPTURE_AUTORELEASING = YES;
				CLANG_WARN_BOOL_CONVERSION = YES;
				CLANG_WARN_COMMA = YES;
				CLANG_WARN_CONSTANT_CONVERSION = YES;
				CLANG_WARN_DEPRECATED_OBJC_IMPLEMENTATIONS = YES;
				CLANG_WARN_DIRECT_OBJC_ISA_USAGE = YES_ERROR;
				CLANG_WARN_DOCUMENTATION_COMMENTS = YES;
				CLANG_WARN_EMPTY_BODY = YES;
				CLANG_WARN_ENUM_CONVERSION = YES;
				CLANG_WARN_INFINITE_RECURSION = YES;
				CLANG_WARN_INT_CONVERSION = YES;
				CLANG_WARN_NON_LITERAL_NULL_CONVERSION = YES;
				CLANG_WARN_OBJC_IMPLICIT_RETAIN_SELF = YES;
				CLANG_WARN_OBJC_LITERAL_CONVERSION = YES;
				CLANG_WARN_OBJC_ROOT_CLASS = YES_ERROR;
				CLANG_WARN_QUOTED_INCLUDE_IN_FRAMEWORK_HEADER = YES;
				CLANG_WARN_RANGE_LOOP_ANALYSIS = YES;
				CLANG_WARN_STRICT_PROTOTYPES = YES;
				CLANG_WARN_SUSPICIOUS_MOVE = YES;
				CLANG_WARN_UNGUARDED_AVAILABILITY = YES_AGGRESSIVE;
				CLANG_WARN_UNREACHABLE_CODE = YES;
				CLANG_WARN__DUPLICATE_METHOD_MATCH = YES;
				COPY_PHASE_STRIP = NO;
				DEBUG_INFORMATION_FORMAT = "dwarf-with-dsym";
				ENABLE_NS_ASSERTIONS = NO;
				ENABLE_STRICT_OBJC_MSGSEND = YES;
				ENABLE_USER_SCRIPT_SANDBOXING = NO;
				GCC_C_LANGUAGE_STANDARD = gnu17;
				GCC_NO_COMMON_BLOCKS = YES;
				GCC_WARN_64_TO_32_BIT_CONVERSION = YES;
				GCC_WARN_ABOUT_RETURN_TYPE = YES_ERROR;
				GCC_WARN_UNDECLARED_SELECTOR = YES;
				GCC_WARN_UNINITIALIZED_AUTOS = YES_AGGRESSIVE;
				GCC_WARN_UNUSED_FUNCTION = YES;
				GCC_WARN_UNUSED_VARIABLE = YES;
				IPHONEOS_DEPLOYMENT_TARGET = 17.0;
				LOCALIZATION_PREFERS_STRING_CATALOGS = YES;
				MTL_ENABLE_DEBUG_INFO = NO;
				MTL_FAST_MATH = YES;
				SDKROOT = iphoneos;
				SWIFT_COMPILATION_MODE = wholemodule;
				VALIDATE_PRODUCT = YES;
			};
			name = Release;
		};
		D7D95B092B0D0CC30093F9C3 /* Debug */ = {
			isa = XCBuildConfiguration;
			baseConfigurationReference = 1807E2A7C994B16F359967F1 /* Pods-Movie_Catalog.debug.xcconfig */;
			buildSettings = {
				ASSETCATALOG_COMPILER_APPICON_NAME = AppIcon;
				ASSETCATALOG_COMPILER_GLOBAL_ACCENT_COLOR_NAME = AccentColor;
				CODE_SIGN_STYLE = Automatic;
				CURRENT_PROJECT_VERSION = 1;
				DEVELOPMENT_TEAM = AJ5VNGA4KS;
				GENERATE_INFOPLIST_FILE = YES;
				INFOPLIST_FILE = Movie_Catalog/Info.plist;
				INFOPLIST_KEY_UIApplicationSupportsIndirectInputEvents = YES;
				INFOPLIST_KEY_UILaunchStoryboardName = LaunchScreen.storyboard;
				INFOPLIST_KEY_UIMainStoryboardFile = MovieViewController;
				INFOPLIST_KEY_UISupportedInterfaceOrientations_iPad = "UIInterfaceOrientationPortrait UIInterfaceOrientationPortraitUpsideDown UIInterfaceOrientationLandscapeLeft UIInterfaceOrientationLandscapeRight";
				INFOPLIST_KEY_UISupportedInterfaceOrientations_iPhone = "UIInterfaceOrientationPortrait UIInterfaceOrientationLandscapeLeft UIInterfaceOrientationLandscapeRight";
				LD_RUNPATH_SEARCH_PATHS = (
					"$(inherited)",
					"@executable_path/Frameworks",
				);
				MARKETING_VERSION = 1.0;
				PRODUCT_BUNDLE_IDENTIFIER = "JJ.Romero.Movie-Catalog";
				PRODUCT_NAME = "$(TARGET_NAME)";
				SWIFT_EMIT_LOC_STRINGS = YES;
				SWIFT_VERSION = 5.0;
				TARGETED_DEVICE_FAMILY = "1,2";
			};
			name = Debug;
		};
		D7D95B0A2B0D0CC30093F9C3 /* Release */ = {
			isa = XCBuildConfiguration;
			baseConfigurationReference = 232FEBD3A79A68C2D8A43B4C /* Pods-Movie_Catalog.release.xcconfig */;
			buildSettings = {
				ASSETCATALOG_COMPILER_APPICON_NAME = AppIcon;
				ASSETCATALOG_COMPILER_GLOBAL_ACCENT_COLOR_NAME = AccentColor;
				CODE_SIGN_STYLE = Automatic;
				CURRENT_PROJECT_VERSION = 1;
				DEVELOPMENT_TEAM = AJ5VNGA4KS;
				GENERATE_INFOPLIST_FILE = YES;
				INFOPLIST_FILE = Movie_Catalog/Info.plist;
				INFOPLIST_KEY_UIApplicationSupportsIndirectInputEvents = YES;
				INFOPLIST_KEY_UILaunchStoryboardName = LaunchScreen.storyboard;
				INFOPLIST_KEY_UIMainStoryboardFile = MovieViewController;
				INFOPLIST_KEY_UISupportedInterfaceOrientations_iPad = "UIInterfaceOrientationPortrait UIInterfaceOrientationPortraitUpsideDown UIInterfaceOrientationLandscapeLeft UIInterfaceOrientationLandscapeRight";
				INFOPLIST_KEY_UISupportedInterfaceOrientations_iPhone = "UIInterfaceOrientationPortrait UIInterfaceOrientationLandscapeLeft UIInterfaceOrientationLandscapeRight";
				LD_RUNPATH_SEARCH_PATHS = (
					"$(inherited)",
					"@executable_path/Frameworks",
				);
				MARKETING_VERSION = 1.0;
				PRODUCT_BUNDLE_IDENTIFIER = "JJ.Romero.Movie-Catalog";
				PRODUCT_NAME = "$(TARGET_NAME)";
				SWIFT_EMIT_LOC_STRINGS = YES;
				SWIFT_VERSION = 5.0;
				TARGETED_DEVICE_FAMILY = "1,2";
			};
			name = Release;
		};
		D7D95B0C2B0D0CC30093F9C3 /* Debug */ = {
			isa = XCBuildConfiguration;
			baseConfigurationReference = 0A314E62B3BFCDC655208341 /* Pods-Movie_CatalogTests.debug.xcconfig */;
			buildSettings = {
				ALWAYS_EMBED_SWIFT_STANDARD_LIBRARIES = YES;
				BUNDLE_LOADER = "$(TEST_HOST)";
				CODE_SIGN_STYLE = Automatic;
				CURRENT_PROJECT_VERSION = 1;
				DEVELOPMENT_TEAM = AJ5VNGA4KS;
				GENERATE_INFOPLIST_FILE = YES;
				IPHONEOS_DEPLOYMENT_TARGET = 17.0;
				MARKETING_VERSION = 1.0;
				PRODUCT_BUNDLE_IDENTIFIER = "JJ.Romero.Movie-CatalogTests";
				PRODUCT_NAME = "$(TARGET_NAME)";
				SWIFT_EMIT_LOC_STRINGS = NO;
				SWIFT_VERSION = 5.0;
				TARGETED_DEVICE_FAMILY = "1,2";
				TEST_HOST = "$(BUILT_PRODUCTS_DIR)/Movie_Catalog.app/$(BUNDLE_EXECUTABLE_FOLDER_PATH)/Movie_Catalog";
			};
			name = Debug;
		};
		D7D95B0D2B0D0CC30093F9C3 /* Release */ = {
			isa = XCBuildConfiguration;
			baseConfigurationReference = 17061A25DE7B6D8BD9055F04 /* Pods-Movie_CatalogTests.release.xcconfig */;
			buildSettings = {
				ALWAYS_EMBED_SWIFT_STANDARD_LIBRARIES = YES;
				BUNDLE_LOADER = "$(TEST_HOST)";
				CODE_SIGN_STYLE = Automatic;
				CURRENT_PROJECT_VERSION = 1;
				DEVELOPMENT_TEAM = AJ5VNGA4KS;
				GENERATE_INFOPLIST_FILE = YES;
				IPHONEOS_DEPLOYMENT_TARGET = 17.0;
				MARKETING_VERSION = 1.0;
				PRODUCT_BUNDLE_IDENTIFIER = "JJ.Romero.Movie-CatalogTests";
				PRODUCT_NAME = "$(TARGET_NAME)";
				SWIFT_EMIT_LOC_STRINGS = NO;
				SWIFT_VERSION = 5.0;
				TARGETED_DEVICE_FAMILY = "1,2";
				TEST_HOST = "$(BUILT_PRODUCTS_DIR)/Movie_Catalog.app/$(BUNDLE_EXECUTABLE_FOLDER_PATH)/Movie_Catalog";
			};
			name = Release;
		};
		D7D95B0F2B0D0CC30093F9C3 /* Debug */ = {
			isa = XCBuildConfiguration;
			baseConfigurationReference = 15CF1751AFDF39D6A12FCBEC /* Pods-Movie_Catalog-Movie_CatalogUITests.debug.xcconfig */;
			buildSettings = {
				ALWAYS_EMBED_SWIFT_STANDARD_LIBRARIES = YES;
				CODE_SIGN_STYLE = Automatic;
				CURRENT_PROJECT_VERSION = 1;
				DEVELOPMENT_TEAM = AJ5VNGA4KS;
				GENERATE_INFOPLIST_FILE = YES;
				MARKETING_VERSION = 1.0;
				PRODUCT_BUNDLE_IDENTIFIER = "JJ.Romero.Movie-CatalogUITests";
				PRODUCT_NAME = "$(TARGET_NAME)";
				SWIFT_EMIT_LOC_STRINGS = NO;
				SWIFT_VERSION = 5.0;
				TARGETED_DEVICE_FAMILY = "1,2";
				TEST_TARGET_NAME = Movie_Catalog;
			};
			name = Debug;
		};
		D7D95B102B0D0CC30093F9C3 /* Release */ = {
			isa = XCBuildConfiguration;
			baseConfigurationReference = D85BBA963946EF78FAFDDDAB /* Pods-Movie_Catalog-Movie_CatalogUITests.release.xcconfig */;
			buildSettings = {
				ALWAYS_EMBED_SWIFT_STANDARD_LIBRARIES = YES;
				CODE_SIGN_STYLE = Automatic;
				CURRENT_PROJECT_VERSION = 1;
				DEVELOPMENT_TEAM = AJ5VNGA4KS;
				GENERATE_INFOPLIST_FILE = YES;
				MARKETING_VERSION = 1.0;
				PRODUCT_BUNDLE_IDENTIFIER = "JJ.Romero.Movie-CatalogUITests";
				PRODUCT_NAME = "$(TARGET_NAME)";
				SWIFT_EMIT_LOC_STRINGS = NO;
				SWIFT_VERSION = 5.0;
				TARGETED_DEVICE_FAMILY = "1,2";
				TEST_TARGET_NAME = Movie_Catalog;
			};
			name = Release;
		};
/* End XCBuildConfiguration section */

/* Begin XCConfigurationList section */
		D7D95AD92B0D0CC00093F9C3 /* Build configuration list for PBXProject "Movie_Catalog" */ = {
			isa = XCConfigurationList;
			buildConfigurations = (
				D7D95B062B0D0CC30093F9C3 /* Debug */,
				D7D95B072B0D0CC30093F9C3 /* Release */,
			);
			defaultConfigurationIsVisible = 0;
			defaultConfigurationName = Release;
		};
		D7D95B082B0D0CC30093F9C3 /* Build configuration list for PBXNativeTarget "Movie_Catalog" */ = {
			isa = XCConfigurationList;
			buildConfigurations = (
				D7D95B092B0D0CC30093F9C3 /* Debug */,
				D7D95B0A2B0D0CC30093F9C3 /* Release */,
			);
			defaultConfigurationIsVisible = 0;
			defaultConfigurationName = Release;
		};
		D7D95B0B2B0D0CC30093F9C3 /* Build configuration list for PBXNativeTarget "Movie_CatalogTests" */ = {
			isa = XCConfigurationList;
			buildConfigurations = (
				D7D95B0C2B0D0CC30093F9C3 /* Debug */,
				D7D95B0D2B0D0CC30093F9C3 /* Release */,
			);
			defaultConfigurationIsVisible = 0;
			defaultConfigurationName = Release;
		};
		D7D95B0E2B0D0CC30093F9C3 /* Build configuration list for PBXNativeTarget "Movie_CatalogUITests" */ = {
			isa = XCConfigurationList;
			buildConfigurations = (
				D7D95B0F2B0D0CC30093F9C3 /* Debug */,
				D7D95B102B0D0CC30093F9C3 /* Release */,
			);
			defaultConfigurationIsVisible = 0;
			defaultConfigurationName = Release;
		};
/* End XCConfigurationList section */
	};
	rootObject = D7D95AD62B0D0CC00093F9C3 /* Project object */;
}
